// !$*UTF8*$!
{
	archiveVersion = 1;
	classes = {
	};
	objectVersion = 46;
	objects = {

/* Begin PBXBuildFile section */
		18F567CE19726926006E2DC7 /* Cocoa.framework in Frameworks */ = {isa = PBXBuildFile; fileRef = 18F567CD19726926006E2DC7 /* Cocoa.framework */; };
		18F567D819726926006E2DC7 /* InfoPlist.strings in Resources */ = {isa = PBXBuildFile; fileRef = 18F567D619726926006E2DC7 /* InfoPlist.strings */; };
		18F567DA19726926006E2DC7 /* main.m in Sources */ = {isa = PBXBuildFile; fileRef = 18F567D919726926006E2DC7 /* main.m */; };
		18F567DE19726926006E2DC7 /* Credits.rtf in Resources */ = {isa = PBXBuildFile; fileRef = 18F567DC19726926006E2DC7 /* Credits.rtf */; };
		18F567E119726926006E2DC7 /* AppDelegate.m in Sources */ = {isa = PBXBuildFile; fileRef = 18F567E019726926006E2DC7 /* AppDelegate.m */; };
		18F567E419726926006E2DC7 /* MainMenu.xib in Resources */ = {isa = PBXBuildFile; fileRef = 18F567E219726926006E2DC7 /* MainMenu.xib */; };
		18F567E619726926006E2DC7 /* Images.xcassets in Resources */ = {isa = PBXBuildFile; fileRef = 18F567E519726926006E2DC7 /* Images.xcassets */; };
		18F567ED19726926006E2DC7 /* XCTest.framework in Frameworks */ = {isa = PBXBuildFile; fileRef = 18F567EC19726926006E2DC7 /* XCTest.framework */; };
		18F567EE19726926006E2DC7 /* Cocoa.framework in Frameworks */ = {isa = PBXBuildFile; fileRef = 18F567CD19726926006E2DC7 /* Cocoa.framework */; };
		18F567F619726926006E2DC7 /* InfoPlist.strings in Resources */ = {isa = PBXBuildFile; fileRef = 18F567F419726926006E2DC7 /* InfoPlist.strings */; };
		18F567F819726926006E2DC7 /* GlobalReplaceTests.m in Sources */ = {isa = PBXBuildFile; fileRef = 18F567F719726926006E2DC7 /* GlobalReplaceTests.m */; };
		18F56804197271F2006E2DC7 /* RegExCategories.m in Sources */ = {isa = PBXBuildFile; fileRef = 18F56803197271F2006E2DC7 /* RegExCategories.m */; };
		18F5680919727B9A006E2DC7 /* SearchResultPanel.xib in Resources */ = {isa = PBXBuildFile; fileRef = 18F5680819727B9A006E2DC7 /* SearchResultPanel.xib */; };
		18F5680D19727EBF006E2DC7 /* FileMatchResult.m in Sources */ = {isa = PBXBuildFile; fileRef = 18F5680C19727EBF006E2DC7 /* FileMatchResult.m */; };
/* End PBXBuildFile section */

/* Begin PBXContainerItemProxy section */
		18F567EF19726926006E2DC7 /* PBXContainerItemProxy */ = {
			isa = PBXContainerItemProxy;
			containerPortal = 18F567C219726926006E2DC7 /* Project object */;
			proxyType = 1;
			remoteGlobalIDString = 18F567C919726926006E2DC7;
			remoteInfo = GlobalReplace;
		};
/* End PBXContainerItemProxy section */

/* Begin PBXFileReference section */
		18F567CA19726926006E2DC7 /* GlobalReplace.app */ = {isa = PBXFileReference; explicitFileType = wrapper.application; includeInIndex = 0; path = GlobalReplace.app; sourceTree = BUILT_PRODUCTS_DIR; };
		18F567CD19726926006E2DC7 /* Cocoa.framework */ = {isa = PBXFileReference; lastKnownFileType = wrapper.framework; name = Cocoa.framework; path = System/Library/Frameworks/Cocoa.framework; sourceTree = SDKROOT; };
		18F567D019726926006E2DC7 /* AppKit.framework */ = {isa = PBXFileReference; lastKnownFileType = wrapper.framework; name = AppKit.framework; path = System/Library/Frameworks/AppKit.framework; sourceTree = SDKROOT; };
		18F567D119726926006E2DC7 /* CoreData.framework */ = {isa = PBXFileReference; lastKnownFileType = wrapper.framework; name = CoreData.framework; path = System/Library/Frameworks/CoreData.framework; sourceTree = SDKROOT; };
		18F567D219726926006E2DC7 /* Foundation.framework */ = {isa = PBXFileReference; lastKnownFileType = wrapper.framework; name = Foundation.framework; path = System/Library/Frameworks/Foundation.framework; sourceTree = SDKROOT; };
		18F567D519726926006E2DC7 /* GlobalReplace-Info.plist */ = {isa = PBXFileReference; lastKnownFileType = text.plist.xml; path = "GlobalReplace-Info.plist"; sourceTree = "<group>"; };
		18F567D719726926006E2DC7 /* en */ = {isa = PBXFileReference; lastKnownFileType = text.plist.strings; name = en; path = en.lproj/InfoPlist.strings; sourceTree = "<group>"; };
		18F567D919726926006E2DC7 /* main.m */ = {isa = PBXFileReference; lastKnownFileType = sourcecode.c.objc; path = main.m; sourceTree = "<group>"; };
		18F567DB19726926006E2DC7 /* GlobalReplace-Prefix.pch */ = {isa = PBXFileReference; lastKnownFileType = sourcecode.c.h; path = "GlobalReplace-Prefix.pch"; sourceTree = "<group>"; };
		18F567DD19726926006E2DC7 /* en */ = {isa = PBXFileReference; lastKnownFileType = text.rtf; name = en; path = en.lproj/Credits.rtf; sourceTree = "<group>"; };
		18F567DF19726926006E2DC7 /* AppDelegate.h */ = {isa = PBXFileReference; lastKnownFileType = sourcecode.c.h; path = AppDelegate.h; sourceTree = "<group>"; };
		18F567E019726926006E2DC7 /* AppDelegate.m */ = {isa = PBXFileReference; lastKnownFileType = sourcecode.c.objc; path = AppDelegate.m; sourceTree = "<group>"; };
		18F567E319726926006E2DC7 /* Base */ = {isa = PBXFileReference; lastKnownFileType = file.xib; name = Base; path = Base.lproj/MainMenu.xib; sourceTree = "<group>"; };
		18F567E519726926006E2DC7 /* Images.xcassets */ = {isa = PBXFileReference; lastKnownFileType = folder.assetcatalog; path = Images.xcassets; sourceTree = "<group>"; };
		18F567EB19726926006E2DC7 /* GlobalReplaceTests.xctest */ = {isa = PBXFileReference; explicitFileType = wrapper.cfbundle; includeInIndex = 0; path = GlobalReplaceTests.xctest; sourceTree = BUILT_PRODUCTS_DIR; };
		18F567EC19726926006E2DC7 /* XCTest.framework */ = {isa = PBXFileReference; lastKnownFileType = wrapper.framework; name = XCTest.framework; path = Library/Frameworks/XCTest.framework; sourceTree = DEVELOPER_DIR; };
		18F567F319726926006E2DC7 /* GlobalReplaceTests-Info.plist */ = {isa = PBXFileReference; lastKnownFileType = text.plist.xml; path = "GlobalReplaceTests-Info.plist"; sourceTree = "<group>"; };
		18F567F519726926006E2DC7 /* en */ = {isa = PBXFileReference; lastKnownFileType = text.plist.strings; name = en; path = en.lproj/InfoPlist.strings; sourceTree = "<group>"; };
		18F567F719726926006E2DC7 /* GlobalReplaceTests.m */ = {isa = PBXFileReference; lastKnownFileType = sourcecode.c.objc; path = GlobalReplaceTests.m; sourceTree = "<group>"; };
		18F56802197271F2006E2DC7 /* RegExCategories.h */ = {isa = PBXFileReference; fileEncoding = 4; lastKnownFileType = sourcecode.c.h; path = RegExCategories.h; sourceTree = "<group>"; };
		18F56803197271F2006E2DC7 /* RegExCategories.m */ = {isa = PBXFileReference; fileEncoding = 4; lastKnownFileType = sourcecode.c.objc; path = RegExCategories.m; sourceTree = "<group>"; };
		18F5680819727B9A006E2DC7 /* SearchResultPanel.xib */ = {isa = PBXFileReference; fileEncoding = 4; lastKnownFileType = file.xib; path = SearchResultPanel.xib; sourceTree = "<group>"; };
		18F5680B19727EBF006E2DC7 /* FileMatchResult.h */ = {isa = PBXFileReference; fileEncoding = 4; lastKnownFileType = sourcecode.c.h; path = FileMatchResult.h; sourceTree = "<group>"; };
		18F5680C19727EBF006E2DC7 /* FileMatchResult.m */ = {isa = PBXFileReference; fileEncoding = 4; lastKnownFileType = sourcecode.c.objc; path = FileMatchResult.m; sourceTree = "<group>"; };
/* End PBXFileReference section */

/* Begin PBXFrameworksBuildPhase section */
		18F567C719726926006E2DC7 /* Frameworks */ = {
			isa = PBXFrameworksBuildPhase;
			buildActionMask = 2147483647;
			files = (
				18F567CE19726926006E2DC7 /* Cocoa.framework in Frameworks */,
			);
			runOnlyForDeploymentPostprocessing = 0;
		};
		18F567E819726926006E2DC7 /* Frameworks */ = {
			isa = PBXFrameworksBuildPhase;
			buildActionMask = 2147483647;
			files = (
				18F567EE19726926006E2DC7 /* Cocoa.framework in Frameworks */,
				18F567ED19726926006E2DC7 /* XCTest.framework in Frameworks */,
			);
			runOnlyForDeploymentPostprocessing = 0;
		};
/* End PBXFrameworksBuildPhase section */

/* Begin PBXGroup section */
		18F567C119726926006E2DC7 = {
			isa = PBXGroup;
			children = (
				18F567D319726926006E2DC7 /* GlobalReplace */,
				18F567F119726926006E2DC7 /* GlobalReplaceTests */,
				18F567CC19726926006E2DC7 /* Frameworks */,
				18F567CB19726926006E2DC7 /* Products */,
			);
			sourceTree = "<group>";
		};
		18F567CB19726926006E2DC7 /* Products */ = {
			isa = PBXGroup;
			children = (
				18F567CA19726926006E2DC7 /* GlobalReplace.app */,
				18F567EB19726926006E2DC7 /* GlobalReplaceTests.xctest */,
			);
			name = Products;
			sourceTree = "<group>";
		};
		18F567CC19726926006E2DC7 /* Frameworks */ = {
			isa = PBXGroup;
			children = (
				18F567CD19726926006E2DC7 /* Cocoa.framework */,
				18F567EC19726926006E2DC7 /* XCTest.framework */,
				18F567CF19726926006E2DC7 /* Other Frameworks */,
			);
			name = Frameworks;
			sourceTree = "<group>";
		};
		18F567CF19726926006E2DC7 /* Other Frameworks */ = {
			isa = PBXGroup;
			children = (
				18F567D019726926006E2DC7 /* AppKit.framework */,
				18F567D119726926006E2DC7 /* CoreData.framework */,
				18F567D219726926006E2DC7 /* Foundation.framework */,
			);
			name = "Other Frameworks";
			sourceTree = "<group>";
		};
		18F567D319726926006E2DC7 /* GlobalReplace */ = {
			isa = PBXGroup;
			children = (
				18F56801197271F2006E2DC7 /* RegExCategories */,
				18F5680A19727EAD006E2DC7 /* Model */,
				18F567DF19726926006E2DC7 /* AppDelegate.h */,
				18F567E019726926006E2DC7 /* AppDelegate.m */,
				18F567E219726926006E2DC7 /* MainMenu.xib */,
				18F5680819727B9A006E2DC7 /* SearchResultPanel.xib */,
				18F567E519726926006E2DC7 /* Images.xcassets */,
				18F567D419726926006E2DC7 /* Supporting Files */,
			);
			path = GlobalReplace;
			sourceTree = "<group>";
		};
		18F567D419726926006E2DC7 /* Supporting Files */ = {
			isa = PBXGroup;
			children = (
				18F567D519726926006E2DC7 /* GlobalReplace-Info.plist */,
				18F567D619726926006E2DC7 /* InfoPlist.strings */,
				18F567D919726926006E2DC7 /* main.m */,
				18F567DB19726926006E2DC7 /* GlobalReplace-Prefix.pch */,
				18F567DC19726926006E2DC7 /* Credits.rtf */,
			);
			name = "Supporting Files";
			sourceTree = "<group>";
		};
		18F567F119726926006E2DC7 /* GlobalReplaceTests */ = {
			isa = PBXGroup;
			children = (
				18F567F719726926006E2DC7 /* GlobalReplaceTests.m */,
				18F567F219726926006E2DC7 /* Supporting Files */,
			);
			path = GlobalReplaceTests;
			sourceTree = "<group>";
		};
		18F567F219726926006E2DC7 /* Supporting Files */ = {
			isa = PBXGroup;
			children = (
				18F567F319726926006E2DC7 /* GlobalReplaceTests-Info.plist */,
				18F567F419726926006E2DC7 /* InfoPlist.strings */,
			);
			name = "Supporting Files";
			sourceTree = "<group>";
		};
		18F56801197271F2006E2DC7 /* RegExCategories */ = {
			isa = PBXGroup;
			children = (
				18F56802197271F2006E2DC7 /* RegExCategories.h */,
				18F56803197271F2006E2DC7 /* RegExCategories.m */,
			);
			path = RegExCategories;
			sourceTree = "<group>";
		};
		18F5680A19727EAD006E2DC7 /* Model */ = {
			isa = PBXGroup;
			children = (
				18F5680B19727EBF006E2DC7 /* FileMatchResult.h */,
				18F5680C19727EBF006E2DC7 /* FileMatchResult.m */,
			);
			name = Model;
			sourceTree = "<group>";
		};
/* End PBXGroup section */

/* Begin PBXNativeTarget section */
		18F567C919726926006E2DC7 /* GlobalReplace */ = {
			isa = PBXNativeTarget;
			buildConfigurationList = 18F567FB19726926006E2DC7 /* Build configuration list for PBXNativeTarget "GlobalReplace" */;
			buildPhases = (
				18F567C619726926006E2DC7 /* Sources */,
				18F567C719726926006E2DC7 /* Frameworks */,
				18F567C819726926006E2DC7 /* Resources */,
			);
			buildRules = (
			);
			dependencies = (
			);
			name = GlobalReplace;
			productName = GlobalReplace;
			productReference = 18F567CA19726926006E2DC7 /* GlobalReplace.app */;
			productType = "com.apple.product-type.application";
		};
		18F567EA19726926006E2DC7 /* GlobalReplaceTests */ = {
			isa = PBXNativeTarget;
			buildConfigurationList = 18F567FE19726926006E2DC7 /* Build configuration list for PBXNativeTarget "GlobalReplaceTests" */;
			buildPhases = (
				18F567E719726926006E2DC7 /* Sources */,
				18F567E819726926006E2DC7 /* Frameworks */,
				18F567E919726926006E2DC7 /* Resources */,
			);
			buildRules = (
			);
			dependencies = (
				18F567F019726926006E2DC7 /* PBXTargetDependency */,
			);
			name = GlobalReplaceTests;
			productName = GlobalReplaceTests;
			productReference = 18F567EB19726926006E2DC7 /* GlobalReplaceTests.xctest */;
			productType = "com.apple.product-type.bundle.unit-test";
		};
/* End PBXNativeTarget section */

/* Begin PBXProject section */
		18F567C219726926006E2DC7 /* Project object */ = {
			isa = PBXProject;
			attributes = {
				LastUpgradeCheck = 0500;
				ORGANIZATIONNAME = ZA;
				TargetAttributes = {
					18F567EA19726926006E2DC7 = {
						TestTargetID = 18F567C919726926006E2DC7;
					};
				};
			};
			buildConfigurationList = 18F567C519726926006E2DC7 /* Build configuration list for PBXProject "GlobalReplace" */;
			compatibilityVersion = "Xcode 3.2";
			developmentRegion = English;
			hasScannedForEncodings = 0;
			knownRegions = (
				en,
				Base,
			);
			mainGroup = 18F567C119726926006E2DC7;
			productRefGroup = 18F567CB19726926006E2DC7 /* Products */;
			projectDirPath = "";
			projectRoot = "";
			targets = (
				18F567C919726926006E2DC7 /* GlobalReplace */,
				18F567EA19726926006E2DC7 /* GlobalReplaceTests */,
			);
		};
/* End PBXProject section */

/* Begin PBXResourcesBuildPhase section */
		18F567C819726926006E2DC7 /* Resources */ = {
			isa = PBXResourcesBuildPhase;
			buildActionMask = 2147483647;
			files = (
				18F567D819726926006E2DC7 /* InfoPlist.strings in Resources */,
				18F567E619726926006E2DC7 /* Images.xcassets in Resources */,
				18F5680919727B9A006E2DC7 /* SearchResultPanel.xib in Resources */,
				18F567DE19726926006E2DC7 /* Credits.rtf in Resources */,
				18F567E419726926006E2DC7 /* MainMenu.xib in Resources */,
			);
			runOnlyForDeploymentPostprocessing = 0;
		};
		18F567E919726926006E2DC7 /* Resources */ = {
			isa = PBXResourcesBuildPhase;
			buildActionMask = 2147483647;
			files = (
				18F567F619726926006E2DC7 /* InfoPlist.strings in Resources */,
			);
			runOnlyForDeploymentPostprocessing = 0;
		};
/* End PBXResourcesBuildPhase section */

/* Begin PBXSourcesBuildPhase section */
		18F567C619726926006E2DC7 /* Sources */ = {
			isa = PBXSourcesBuildPhase;
			buildActionMask = 2147483647;
			files = (
				18F5680D19727EBF006E2DC7 /* FileMatchResult.m in Sources */,
				18F567E119726926006E2DC7 /* AppDelegate.m in Sources */,
				18F56804197271F2006E2DC7 /* RegExCategories.m in Sources */,
				18F567DA19726926006E2DC7 /* main.m in Sources */,
			);
			runOnlyForDeploymentPostprocessing = 0;
		};
		18F567E719726926006E2DC7 /* Sources */ = {
			isa = PBXSourcesBuildPhase;
			buildActionMask = 2147483647;
			files = (
				18F567F819726926006E2DC7 /* GlobalReplaceTests.m in Sources */,
			);
			runOnlyForDeploymentPostprocessing = 0;
		};
/* End PBXSourcesBuildPhase section */

/* Begin PBXTargetDependency section */
		18F567F019726926006E2DC7 /* PBXTargetDependency */ = {
			isa = PBXTargetDependency;
			target = 18F567C919726926006E2DC7 /* GlobalReplace */;
			targetProxy = 18F567EF19726926006E2DC7 /* PBXContainerItemProxy */;
		};
/* End PBXTargetDependency section */

/* Begin PBXVariantGroup section */
		18F567D619726926006E2DC7 /* InfoPlist.strings */ = {
			isa = PBXVariantGroup;
			children = (
				18F567D719726926006E2DC7 /* en */,
			);
			name = InfoPlist.strings;
			sourceTree = "<group>";
		};
		18F567DC19726926006E2DC7 /* Credits.rtf */ = {
			isa = PBXVariantGroup;
			children = (
				18F567DD19726926006E2DC7 /* en */,
			);
			name = Credits.rtf;
			sourceTree = "<group>";
		};
		18F567E219726926006E2DC7 /* MainMenu.xib */ = {
			isa = PBXVariantGroup;
			children = (
				18F567E319726926006E2DC7 /* Base */,
			);
			name = MainMenu.xib;
			sourceTree = "<group>";
		};
		18F567F419726926006E2DC7 /* InfoPlist.strings */ = {
			isa = PBXVariantGroup;
			children = (
				18F567F519726926006E2DC7 /* en */,
			);
			name = InfoPlist.strings;
			sourceTree = "<group>";
		};
/* End PBXVariantGroup section */

/* Begin XCBuildConfiguration section */
		18F567F919726926006E2DC7 /* Debug */ = {
			isa = XCBuildConfiguration;
			buildSettings = {
				ALWAYS_SEARCH_USER_PATHS = NO;
				CLANG_CXX_LANGUAGE_STANDARD = "gnu++0x";
				CLANG_CXX_LIBRARY = "libc++";
				CLANG_ENABLE_OBJC_ARC = YES;
				CLANG_WARN_BOOL_CONVERSION = YES;
				CLANG_WARN_CONSTANT_CONVERSION = YES;
				CLANG_WARN_DIRECT_OBJC_ISA_USAGE = YES_ERROR;
				CLANG_WARN_EMPTY_BODY = YES;
				CLANG_WARN_ENUM_CONVERSION = YES;
				CLANG_WARN_INT_CONVERSION = YES;
				CLANG_WARN_OBJC_ROOT_CLASS = YES_ERROR;
				CLANG_WARN__DUPLICATE_METHOD_MATCH = YES;
				COPY_PHASE_STRIP = NO;
				GCC_C_LANGUAGE_STANDARD = gnu99;
				GCC_DYNAMIC_NO_PIC = NO;
				GCC_ENABLE_OBJC_EXCEPTIONS = YES;
				GCC_OPTIMIZATION_LEVEL = 0;
				GCC_PREPROCESSOR_DEFINITIONS = (
					"DEBUG=1",
					"$(inherited)",
				);
				GCC_SYMBOLS_PRIVATE_EXTERN = NO;
				GCC_WARN_64_TO_32_BIT_CONVERSION = YES;
				GCC_WARN_ABOUT_RETURN_TYPE = YES_ERROR;
				GCC_WARN_UNDECLARED_SELECTOR = YES;
				GCC_WARN_UNINITIALIZED_AUTOS = YES;
				GCC_WARN_UNUSED_FUNCTION = YES;
				GCC_WARN_UNUSED_VARIABLE = YES;
				MACOSX_DEPLOYMENT_TARGET = 10.9;
				ONLY_ACTIVE_ARCH = YES;
				SDKROOT = macosx;
			};
			name = Debug;
		};
		18F567FA19726926006E2DC7 /* Release */ = {
			isa = XCBuildConfiguration;
			buildSettings = {
				ALWAYS_SEARCH_USER_PATHS = NO;
				CLANG_CXX_LANGUAGE_STANDARD = "gnu++0x";
				CLANG_CXX_LIBRARY = "libc++";
				CLANG_ENABLE_OBJC_ARC = YES;
				CLANG_WARN_BOOL_CONVERSION = YES;
				CLANG_WARN_CONSTANT_CONVERSION = YES;
				CLANG_WARN_DIRECT_OBJC_ISA_USAGE = YES_ERROR;
				CLANG_WARN_EMPTY_BODY = YES;
				CLANG_WARN_ENUM_CONVERSION = YES;
				CLANG_WARN_INT_CONVERSION = YES;
				CLANG_WARN_OBJC_ROOT_CLASS = YES_ERROR;
				CLANG_WARN__DUPLICATE_METHOD_MATCH = YES;
				COPY_PHASE_STRIP = YES;
				DEBUG_INFORMATION_FORMAT = "dwarf-with-dsym";
				ENABLE_NS_ASSERTIONS = NO;
				GCC_C_LANGUAGE_STANDARD = gnu99;
				GCC_ENABLE_OBJC_EXCEPTIONS = YES;
				GCC_WARN_64_TO_32_BIT_CONVERSION = YES;
				GCC_WARN_ABOUT_RETURN_TYPE = YES_ERROR;
				GCC_WARN_UNDECLARED_SELECTOR = YES;
				GCC_WARN_UNINITIALIZED_AUTOS = YES;
				GCC_WARN_UNUSED_FUNCTION = YES;
				GCC_WARN_UNUSED_VARIABLE = YES;
				MACOSX_DEPLOYMENT_TARGET = 10.9;
				SDKROOT = macosx;
			};
			name = Release;
		};
		18F567FC19726926006E2DC7 /* Debug */ = {
			isa = XCBuildConfiguration;
			buildSettings = {
				ASSETCATALOG_COMPILER_APPICON_NAME = AppIcon;
				COMBINE_HIDPI_IMAGES = YES;
				GCC_PRECOMPILE_PREFIX_HEADER = YES;
				GCC_PREFIX_HEADER = "GlobalReplace/GlobalReplace-Prefix.pch";
				INFOPLIST_FILE = "GlobalReplace/GlobalReplace-Info.plist";
				PRODUCT_NAME = "$(TARGET_NAME)";
				WRAPPER_EXTENSION = app;
			};
			name = Debug;
		};
		18F567FD19726926006E2DC7 /* Release */ = {
			isa = XCBuildConfiguration;
			buildSettings = {
				ASSETCATALOG_COMPILER_APPICON_NAME = AppIcon;
				COMBINE_HIDPI_IMAGES = YES;
				GCC_PRECOMPILE_PREFIX_HEADER = YES;
				GCC_PREFIX_HEADER = "GlobalReplace/GlobalReplace-Prefix.pch";
				INFOPLIST_FILE = "GlobalReplace/GlobalReplace-Info.plist";
				PRODUCT_NAME = "$(TARGET_NAME)";
				WRAPPER_EXTENSION = app;
			};
			name = Release;
		};
		18F567FF19726926006E2DC7 /* Debug */ = {
			isa = XCBuildConfiguration;
			buildSettings = {
				BUNDLE_LOADER = "$(BUILT_PRODUCTS_DIR)/GlobalReplace.app/Contents/MacOS/GlobalReplace";
				COMBINE_HIDPI_IMAGES = YES;
				FRAMEWORK_SEARCH_PATHS = (
					"$(DEVELOPER_FRAMEWORKS_DIR)",
					"$(inherited)",
				);
				GCC_PRECOMPILE_PREFIX_HEADER = YES;
				GCC_PREFIX_HEADER = "GlobalReplace/GlobalReplace-Prefix.pch";
				GCC_PREPROCESSOR_DEFINITIONS = (
					"DEBUG=1",
					"$(inherited)",
				);
				INFOPLIST_FILE = "GlobalReplaceTests/GlobalReplaceTests-Info.plist";
				PRODUCT_NAME = "$(TARGET_NAME)";
				TEST_HOST = "$(BUNDLE_LOADER)";
				WRAPPER_EXTENSION = xctest;
			};
			name = Debug;
		};
		18F5680019726926006E2DC7 /* Release */ = {
			isa = XCBuildConfiguration;
			buildSettings = {
				BUNDLE_LOADER = "$(BUILT_PRODUCTS_DIR)/GlobalReplace.app/Contents/MacOS/GlobalReplace";
				COMBINE_HIDPI_IMAGES = YES;
				FRAMEWORK_SEARCH_PATHS = (
					"$(DEVELOPER_FRAMEWORKS_DIR)",
					"$(inherited)",
				);
				GCC_PRECOMPILE_PREFIX_HEADER = YES;
				GCC_PREFIX_HEADER = "GlobalReplace/GlobalReplace-Prefix.pch";
				INFOPLIST_FILE = "GlobalReplaceTests/GlobalReplaceTests-Info.plist";
				PRODUCT_NAME = "$(TARGET_NAME)";
				TEST_HOST = "$(BUNDLE_LOADER)";
				WRAPPER_EXTENSION = xctest;
			};
			name = Release;
		};
/* End XCBuildConfiguration section */

/* Begin XCConfigurationList section */
		18F567C519726926006E2DC7 /* Build configuration list for PBXProject "GlobalReplace" */ = {
			isa = XCConfigurationList;
			buildConfigurations = (
				18F567F919726926006E2DC7 /* Debug */,
				18F567FA19726926006E2DC7 /* Release */,
			);
			defaultConfigurationIsVisible = 0;
			defaultConfigurationName = Release;
		};
		18F567FB19726926006E2DC7 /* Build configuration list for PBXNativeTarget "GlobalReplace" */ = {
			isa = XCConfigurationList;
			buildConfigurations = (
				18F567FC19726926006E2DC7 /* Debug */,
				18F567FD19726926006E2DC7 /* Release */,
			);
			defaultConfigurationIsVisible = 0;
		};
		18F567FE19726926006E2DC7 /* Build configuration list for PBXNativeTarget "GlobalReplaceTests" */ = {
			isa = XCConfigurationList;
			buildConfigurations = (
				18F567FF19726926006E2DC7 /* Debug */,
				18F5680019726926006E2DC7 /* Release */,
			);
			defaultConfigurationIsVisible = 0;
		};
/* End XCConfigurationList section */
	};
	rootObject = 18F567C219726926006E2DC7 /* Project object */;
}
